// !$*UTF8*$!
{
	archiveVersion = 1;
	classes = {
	};
	objectVersion = 54;
	objects = {

/* Begin PBXBuildFile section */
		7C6C5BC0706ABB0BA20D98DD /* Pods_EyezonSDK_Test.framework in Frameworks */ = {isa = PBXBuildFile; fileRef = 13973E91B7699795DBC5FE9D /* Pods_EyezonSDK_Test.framework */; };
		8439D83C26CC51230042B201 /* AppDelegate.swift in Sources */ = {isa = PBXBuildFile; fileRef = 8439D83B26CC51230042B201 /* AppDelegate.swift */; };
		8439D83E26CC51230042B201 /* SceneDelegate.swift in Sources */ = {isa = PBXBuildFile; fileRef = 8439D83D26CC51230042B201 /* SceneDelegate.swift */; };
		8439D84026CC51230042B201 /* ViewController.swift in Sources */ = {isa = PBXBuildFile; fileRef = 8439D83F26CC51230042B201 /* ViewController.swift */; };
		8439D84326CC51230042B201 /* Main.storyboard in Resources */ = {isa = PBXBuildFile; fileRef = 8439D84126CC51230042B201 /* Main.storyboard */; };
		8439D84526CC51250042B201 /* Assets.xcassets in Resources */ = {isa = PBXBuildFile; fileRef = 8439D84426CC51250042B201 /* Assets.xcassets */; };
		8439D84826CC51250042B201 /* LaunchScreen.storyboard in Resources */ = {isa = PBXBuildFile; fileRef = 8439D84626CC51250042B201 /* LaunchScreen.storyboard */; };
/* End PBXBuildFile section */

/* Begin PBXCopyFilesBuildPhase section */
		842D9CBE2715940A0017CA63 /* Embed Frameworks */ = {
			isa = PBXCopyFilesBuildPhase;
			buildActionMask = 2147483647;
			dstPath = "";
			dstSubfolderSpec = 10;
			files = (
			);
			name = "Embed Frameworks";
			runOnlyForDeploymentPostprocessing = 0;
		};
/* End PBXCopyFilesBuildPhase section */

/* Begin PBXFileReference section */
		13973E91B7699795DBC5FE9D /* Pods_EyezonSDK_Test.framework */ = {isa = PBXFileReference; explicitFileType = wrapper.framework; includeInIndex = 0; path = Pods_EyezonSDK_Test.framework; sourceTree = BUILT_PRODUCTS_DIR; };
		1BCB1A12FEDF20B9B114EB6C /* Pods-EyezonSDK-Test.release.xcconfig */ = {isa = PBXFileReference; includeInIndex = 1; lastKnownFileType = text.xcconfig; name = "Pods-EyezonSDK-Test.release.xcconfig"; path = "Target Support Files/Pods-EyezonSDK-Test/Pods-EyezonSDK-Test.release.xcconfig"; sourceTree = "<group>"; };
		375C3F22ECACB77972FADF4E /* Pods-EyezonSDK-Test.debug.xcconfig */ = {isa = PBXFileReference; includeInIndex = 1; lastKnownFileType = text.xcconfig; name = "Pods-EyezonSDK-Test.debug.xcconfig"; path = "Target Support Files/Pods-EyezonSDK-Test/Pods-EyezonSDK-Test.debug.xcconfig"; sourceTree = "<group>"; };
		8401A1D426CC5B7600148183 /* EyezonSDK-Test.entitlements */ = {isa = PBXFileReference; lastKnownFileType = text.plist.entitlements; path = "EyezonSDK-Test.entitlements"; sourceTree = "<group>"; };
		8439D83826CC51230042B201 /* EyezonSDK-Test.app */ = {isa = PBXFileReference; explicitFileType = wrapper.application; includeInIndex = 0; path = "EyezonSDK-Test.app"; sourceTree = BUILT_PRODUCTS_DIR; };
		8439D83B26CC51230042B201 /* AppDelegate.swift */ = {isa = PBXFileReference; lastKnownFileType = sourcecode.swift; path = AppDelegate.swift; sourceTree = "<group>"; };
		8439D83D26CC51230042B201 /* SceneDelegate.swift */ = {isa = PBXFileReference; lastKnownFileType = sourcecode.swift; path = SceneDelegate.swift; sourceTree = "<group>"; };
		8439D83F26CC51230042B201 /* ViewController.swift */ = {isa = PBXFileReference; lastKnownFileType = sourcecode.swift; path = ViewController.swift; sourceTree = "<group>"; };
		8439D84226CC51230042B201 /* Base */ = {isa = PBXFileReference; lastKnownFileType = file.storyboard; name = Base; path = Base.lproj/Main.storyboard; sourceTree = "<group>"; };
		8439D84426CC51250042B201 /* Assets.xcassets */ = {isa = PBXFileReference; lastKnownFileType = folder.assetcatalog; path = Assets.xcassets; sourceTree = "<group>"; };
		8439D84726CC51250042B201 /* Base */ = {isa = PBXFileReference; lastKnownFileType = file.storyboard; name = Base; path = Base.lproj/LaunchScreen.storyboard; sourceTree = "<group>"; };
		8439D84926CC51250042B201 /* Info.plist */ = {isa = PBXFileReference; lastKnownFileType = text.plist.xml; path = Info.plist; sourceTree = "<group>"; };
/* End PBXFileReference section */

/* Begin PBXFrameworksBuildPhase section */
		8439D83526CC51230042B201 /* Frameworks */ = {
			isa = PBXFrameworksBuildPhase;
			buildActionMask = 2147483647;
			files = (
				7C6C5BC0706ABB0BA20D98DD /* Pods_EyezonSDK_Test.framework in Frameworks */,
			);
			runOnlyForDeploymentPostprocessing = 0;
		};
/* End PBXFrameworksBuildPhase section */

/* Begin PBXGroup section */
		03780EFFD7A7A779BE30C9B0 /* Pods */ = {
			isa = PBXGroup;
			children = (
				375C3F22ECACB77972FADF4E /* Pods-EyezonSDK-Test.debug.xcconfig */,
				1BCB1A12FEDF20B9B114EB6C /* Pods-EyezonSDK-Test.release.xcconfig */,
			);
			path = Pods;
			sourceTree = "<group>";
		};
		41C8A852BBDE5D0F5738904B /* Frameworks */ = {
			isa = PBXGroup;
			children = (
				13973E91B7699795DBC5FE9D /* Pods_EyezonSDK_Test.framework */,
			);
			name = Frameworks;
			sourceTree = "<group>";
		};
		8439D82F26CC51230042B201 = {
			isa = PBXGroup;
			children = (
				8439D83A26CC51230042B201 /* EyezonSDK-Test */,
				8439D83926CC51230042B201 /* Products */,
				03780EFFD7A7A779BE30C9B0 /* Pods */,
				41C8A852BBDE5D0F5738904B /* Frameworks */,
			);
			sourceTree = "<group>";
		};
		8439D83926CC51230042B201 /* Products */ = {
			isa = PBXGroup;
			children = (
				8439D83826CC51230042B201 /* EyezonSDK-Test.app */,
			);
			name = Products;
			sourceTree = "<group>";
		};
		8439D83A26CC51230042B201 /* EyezonSDK-Test */ = {
			isa = PBXGroup;
			children = (
				8401A1D426CC5B7600148183 /* EyezonSDK-Test.entitlements */,
				8439D83B26CC51230042B201 /* AppDelegate.swift */,
				8439D83D26CC51230042B201 /* SceneDelegate.swift */,
				8439D83F26CC51230042B201 /* ViewController.swift */,
				8439D84126CC51230042B201 /* Main.storyboard */,
				8439D84426CC51250042B201 /* Assets.xcassets */,
				8439D84626CC51250042B201 /* LaunchScreen.storyboard */,
				8439D84926CC51250042B201 /* Info.plist */,
			);
			path = "EyezonSDK-Test";
			sourceTree = "<group>";
		};
/* End PBXGroup section */

/* Begin PBXNativeTarget section */
		8439D83726CC51230042B201 /* EyezonSDK-Test */ = {
			isa = PBXNativeTarget;
			buildConfigurationList = 8439D84C26CC51250042B201 /* Build configuration list for PBXNativeTarget "EyezonSDK-Test" */;
			buildPhases = (
				855299D1805C1661A2DA142B /* [CP] Check Pods Manifest.lock */,
				8439D83426CC51230042B201 /* Sources */,
				8439D83526CC51230042B201 /* Frameworks */,
				8439D83626CC51230042B201 /* Resources */,
				842D9CBE2715940A0017CA63 /* Embed Frameworks */,
				053DAF5484A08E2A204AF0BE /* [CP] Embed Pods Frameworks */,
			);
			buildRules = (
			);
			dependencies = (
			);
			name = "EyezonSDK-Test";
			productName = "EyezonSDK-Test";
			productReference = 8439D83826CC51230042B201 /* EyezonSDK-Test.app */;
			productType = "com.apple.product-type.application";
		};
/* End PBXNativeTarget section */

/* Begin PBXProject section */
		8439D83026CC51230042B201 /* Project object */ = {
			isa = PBXProject;
			attributes = {
				LastSwiftUpdateCheck = 1250;
				LastUpgradeCheck = 1250;
				TargetAttributes = {
					8439D83726CC51230042B201 = {
						CreatedOnToolsVersion = 12.5.1;
					};
				};
			};
			buildConfigurationList = 8439D83326CC51230042B201 /* Build configuration list for PBXProject "EyezonSDK-Test" */;
			compatibilityVersion = "Xcode 9.3";
			developmentRegion = en;
			hasScannedForEncodings = 0;
			knownRegions = (
				en,
				Base,
			);
			mainGroup = 8439D82F26CC51230042B201;
			productRefGroup = 8439D83926CC51230042B201 /* Products */;
			projectDirPath = "";
			projectRoot = "";
			targets = (
				8439D83726CC51230042B201 /* EyezonSDK-Test */,
			);
		};
/* End PBXProject section */

/* Begin PBXResourcesBuildPhase section */
		8439D83626CC51230042B201 /* Resources */ = {
			isa = PBXResourcesBuildPhase;
			buildActionMask = 2147483647;
			files = (
				8439D84826CC51250042B201 /* LaunchScreen.storyboard in Resources */,
				8439D84526CC51250042B201 /* Assets.xcassets in Resources */,
				8439D84326CC51230042B201 /* Main.storyboard in Resources */,
			);
			runOnlyForDeploymentPostprocessing = 0;
		};
/* End PBXResourcesBuildPhase section */

/* Begin PBXShellScriptBuildPhase section */
		053DAF5484A08E2A204AF0BE /* [CP] Embed Pods Frameworks */ = {
			isa = PBXShellScriptBuildPhase;
			buildActionMask = 2147483647;
			files = (
			);
			inputFileListPaths = (
				"${PODS_ROOT}/Target Support Files/Pods-EyezonSDK-Test/Pods-EyezonSDK-Test-frameworks-${CONFIGURATION}-input-files.xcfilelist",
			);
			name = "[CP] Embed Pods Frameworks";
			outputFileListPaths = (
				"${PODS_ROOT}/Target Support Files/Pods-EyezonSDK-Test/Pods-EyezonSDK-Test-frameworks-${CONFIGURATION}-output-files.xcfilelist",
			);
			runOnlyForDeploymentPostprocessing = 0;
			shellPath = /bin/sh;
			shellScript = "\"${PODS_ROOT}/Target Support Files/Pods-EyezonSDK-Test/Pods-EyezonSDK-Test-frameworks.sh\"\n";
			showEnvVarsInLog = 0;
		};
		855299D1805C1661A2DA142B /* [CP] Check Pods Manifest.lock */ = {
			isa = PBXShellScriptBuildPhase;
			buildActionMask = 2147483647;
			files = (
			);
			inputFileListPaths = (
			);
			inputPaths = (
				"${PODS_PODFILE_DIR_PATH}/Podfile.lock",
				"${PODS_ROOT}/Manifest.lock",
			);
			name = "[CP] Check Pods Manifest.lock";
			outputFileListPaths = (
			);
			outputPaths = (
				"$(DERIVED_FILE_DIR)/Pods-EyezonSDK-Test-checkManifestLockResult.txt",
			);
			runOnlyForDeploymentPostprocessing = 0;
			shellPath = /bin/sh;
			shellScript = "diff \"${PODS_PODFILE_DIR_PATH}/Podfile.lock\" \"${PODS_ROOT}/Manifest.lock\" > /dev/null\nif [ $? != 0 ] ; then\n    # print error to STDERR\n    echo \"error: The sandbox is not in sync with the Podfile.lock. Run 'pod install' or update your CocoaPods installation.\" >&2\n    exit 1\nfi\n# This output is used by Xcode 'outputs' to avoid re-running this script phase.\necho \"SUCCESS\" > \"${SCRIPT_OUTPUT_FILE_0}\"\n";
			showEnvVarsInLog = 0;
		};
/* End PBXShellScriptBuildPhase section */

/* Begin PBXSourcesBuildPhase section */
		8439D83426CC51230042B201 /* Sources */ = {
			isa = PBXSourcesBuildPhase;
			buildActionMask = 2147483647;
			files = (
				8439D84026CC51230042B201 /* ViewController.swift in Sources */,
				8439D83C26CC51230042B201 /* AppDelegate.swift in Sources */,
				8439D83E26CC51230042B201 /* SceneDelegate.swift in Sources */,
			);
			runOnlyForDeploymentPostprocessing = 0;
		};
/* End PBXSourcesBuildPhase section */

/* Begin PBXVariantGroup section */
		8439D84126CC51230042B201 /* Main.storyboard */ = {
			isa = PBXVariantGroup;
			children = (
				8439D84226CC51230042B201 /* Base */,
			);
			name = Main.storyboard;
			sourceTree = "<group>";
		};
		8439D84626CC51250042B201 /* LaunchScreen.storyboard */ = {
			isa = PBXVariantGroup;
			children = (
				8439D84726CC51250042B201 /* Base */,
			);
			name = LaunchScreen.storyboard;
			sourceTree = "<group>";
		};
/* End PBXVariantGroup section */

/* Begin XCBuildConfiguration section */
		8439D84A26CC51250042B201 /* Debug */ = {
			isa = XCBuildConfiguration;
			buildSettings = {
				ALWAYS_SEARCH_USER_PATHS = NO;
				CLANG_ANALYZER_NONNULL = YES;
				CLANG_ANALYZER_NUMBER_OBJECT_CONVERSION = YES_AGGRESSIVE;
				CLANG_CXX_LANGUAGE_STANDARD = "gnu++14";
				CLANG_CXX_LIBRARY = "libc++";
				CLANG_ENABLE_MODULES = YES;
				CLANG_ENABLE_OBJC_ARC = YES;
				CLANG_ENABLE_OBJC_WEAK = YES;
				CLANG_WARN_BLOCK_CAPTURE_AUTORELEASING = YES;
				CLANG_WARN_BOOL_CONVERSION = YES;
				CLANG_WARN_COMMA = YES;
				CLANG_WARN_CONSTANT_CONVERSION = YES;
				CLANG_WARN_DEPRECATED_OBJC_IMPLEMENTATIONS = YES;
				CLANG_WARN_DIRECT_OBJC_ISA_USAGE = YES_ERROR;
				CLANG_WARN_DOCUMENTATION_COMMENTS = YES;
				CLANG_WARN_EMPTY_BODY = YES;
				CLANG_WARN_ENUM_CONVERSION = YES;
				CLANG_WARN_INFINITE_RECURSION = YES;
				CLANG_WARN_INT_CONVERSION = YES;
				CLANG_WARN_NON_LITERAL_NULL_CONVERSION = YES;
				CLANG_WARN_OBJC_IMPLICIT_RETAIN_SELF = YES;
				CLANG_WARN_OBJC_LITERAL_CONVERSION = YES;
				CLANG_WARN_OBJC_ROOT_CLASS = YES_ERROR;
				CLANG_WARN_QUOTED_INCLUDE_IN_FRAMEWORK_HEADER = YES;
				CLANG_WARN_RANGE_LOOP_ANALYSIS = YES;
				CLANG_WARN_STRICT_PROTOTYPES = YES;
				CLANG_WARN_SUSPICIOUS_MOVE = YES;
				CLANG_WARN_UNGUARDED_AVAILABILITY = YES_AGGRESSIVE;
				CLANG_WARN_UNREACHABLE_CODE = YES;
				CLANG_WARN__DUPLICATE_METHOD_MATCH = YES;
				COPY_PHASE_STRIP = NO;
				DEBUG_INFORMATION_FORMAT = dwarf;
				ENABLE_STRICT_OBJC_MSGSEND = YES;
				ENABLE_TESTABILITY = YES;
				GCC_C_LANGUAGE_STANDARD = gnu11;
				GCC_DYNAMIC_NO_PIC = NO;
				GCC_NO_COMMON_BLOCKS = YES;
				GCC_OPTIMIZATION_LEVEL = 0;
				GCC_PREPROCESSOR_DEFINITIONS = (
					"DEBUG=1",
					"$(inherited)",
				);
				GCC_WARN_64_TO_32_BIT_CONVERSION = YES;
				GCC_WARN_ABOUT_RETURN_TYPE = YES_ERROR;
				GCC_WARN_UNDECLARED_SELECTOR = YES;
				GCC_WARN_UNINITIALIZED_AUTOS = YES_AGGRESSIVE;
				GCC_WARN_UNUSED_FUNCTION = YES;
				GCC_WARN_UNUSED_VARIABLE = YES;
				IPHONEOS_DEPLOYMENT_TARGET = 14.3;
				MTL_ENABLE_DEBUG_INFO = INCLUDE_SOURCE;
				MTL_FAST_MATH = YES;
				ONLY_ACTIVE_ARCH = YES;
				SDKROOT = iphoneos;
				SWIFT_ACTIVE_COMPILATION_CONDITIONS = DEBUG;
				SWIFT_OPTIMIZATION_LEVEL = "-Onone";
			};
			name = Debug;
		};
		8439D84B26CC51250042B201 /* Release */ = {
			isa = XCBuildConfiguration;
			buildSettings = {
				ALWAYS_SEARCH_USER_PATHS = NO;
				CLANG_ANALYZER_NONNULL = YES;
				CLANG_ANALYZER_NUMBER_OBJECT_CONVERSION = YES_AGGRESSIVE;
				CLANG_CXX_LANGUAGE_STANDARD = "gnu++14";
				CLANG_CXX_LIBRARY = "libc++";
				CLANG_ENABLE_MODULES = YES;
				CLANG_ENABLE_OBJC_ARC = YES;
				CLANG_ENABLE_OBJC_WEAK = YES;
				CLANG_WARN_BLOCK_CAPTURE_AUTORELEASING = YES;
				CLANG_WARN_BOOL_CONVERSION = YES;
				CLANG_WARN_COMMA = YES;
				CLANG_WARN_CONSTANT_CONVERSION = YES;
				CLANG_WARN_DEPRECATED_OBJC_IMPLEMENTATIONS = YES;
				CLANG_WARN_DIRECT_OBJC_ISA_USAGE = YES_ERROR;
				CLANG_WARN_DOCUMENTATION_COMMENTS = YES;
				CLANG_WARN_EMPTY_BODY = YES;
				CLANG_WARN_ENUM_CONVERSION = YES;
				CLANG_WARN_INFINITE_RECURSION = YES;
				CLANG_WARN_INT_CONVERSION = YES;
				CLANG_WARN_NON_LITERAL_NULL_CONVERSION = YES;
				CLANG_WARN_OBJC_IMPLICIT_RETAIN_SELF = YES;
				CLANG_WARN_OBJC_LITERAL_CONVERSION = YES;
				CLANG_WARN_OBJC_ROOT_CLASS = YES_ERROR;
				CLANG_WARN_QUOTED_INCLUDE_IN_FRAMEWORK_HEADER = YES;
				CLANG_WARN_RANGE_LOOP_ANALYSIS = YES;
				CLANG_WARN_STRICT_PROTOTYPES = YES;
				CLANG_WARN_SUSPICIOUS_MOVE = YES;
				CLANG_WARN_UNGUARDED_AVAILABILITY = YES_AGGRESSIVE;
				CLANG_WARN_UNREACHABLE_CODE = YES;
				CLANG_WARN__DUPLICATE_METHOD_MATCH = YES;
				COPY_PHASE_STRIP = NO;
				DEBUG_INFORMATION_FORMAT = "dwarf-with-dsym";
				ENABLE_NS_ASSERTIONS = NO;
				ENABLE_STRICT_OBJC_MSGSEND = YES;
				GCC_C_LANGUAGE_STANDARD = gnu11;
				GCC_NO_COMMON_BLOCKS = YES;
				GCC_WARN_64_TO_32_BIT_CONVERSION = YES;
				GCC_WARN_ABOUT_RETURN_TYPE = YES_ERROR;
				GCC_WARN_UNDECLARED_SELECTOR = YES;
				GCC_WARN_UNINITIALIZED_AUTOS = YES_AGGRESSIVE;
				GCC_WARN_UNUSED_FUNCTION = YES;
				GCC_WARN_UNUSED_VARIABLE = YES;
				IPHONEOS_DEPLOYMENT_TARGET = 14.3;
				MTL_ENABLE_DEBUG_INFO = NO;
				MTL_FAST_MATH = YES;
				SDKROOT = iphoneos;
				SWIFT_COMPILATION_MODE = wholemodule;
				SWIFT_OPTIMIZATION_LEVEL = "-O";
				VALIDATE_PRODUCT = YES;
			};
			name = Release;
		};
		8439D84D26CC51250042B201 /* Debug */ = {
			isa = XCBuildConfiguration;
			baseConfigurationReference = 375C3F22ECACB77972FADF4E /* Pods-EyezonSDK-Test.debug.xcconfig */;
			buildSettings = {
				ASSETCATALOG_COMPILER_APPICON_NAME = AppIcon;
				ASSETCATALOG_COMPILER_GLOBAL_ACCENT_COLOR_NAME = AccentColor;
				CODE_SIGN_ENTITLEMENTS = "EyezonSDK-Test/EyezonSDK-Test.entitlements";
				CODE_SIGN_STYLE = Automatic;
				CURRENT_PROJECT_VERSION = 29;
				DEVELOPMENT_TEAM = JA2M8SY5S4;
				INFOPLIST_FILE = "EyezonSDK-Test/Info.plist";
				IPHONEOS_DEPLOYMENT_TARGET = 14.3;
				LD_RUNPATH_SEARCH_PATHS = (
					"$(inherited)",
					"@executable_path/Frameworks",
				);
				MARKETING_VERSION = 1.0;
				PRODUCT_BUNDLE_IDENTIFIER = "com.eyezon.dev.EyezonSDK-Test";
				PRODUCT_NAME = "$(TARGET_NAME)";
				SWIFT_VERSION = 5.0;
				TARGETED_DEVICE_FAMILY = "1,2";
			};
			name = Debug;
		};
		8439D84E26CC51250042B201 /* Release */ = {
			isa = XCBuildConfiguration;
			baseConfigurationReference = 1BCB1A12FEDF20B9B114EB6C /* Pods-EyezonSDK-Test.release.xcconfig */;
			buildSettings = {
				ASSETCATALOG_COMPILER_APPICON_NAME = AppIcon;
				ASSETCATALOG_COMPILER_GLOBAL_ACCENT_COLOR_NAME = AccentColor;
				CODE_SIGN_ENTITLEMENTS = "EyezonSDK-Test/EyezonSDK-Test.entitlements";
				CODE_SIGN_STYLE = Automatic;
				CURRENT_PROJECT_VERSION = 29;
				DEVELOPMENT_TEAM = JA2M8SY5S4;
				INFOPLIST_FILE = "EyezonSDK-Test/Info.plist";
				IPHONEOS_DEPLOYMENT_TARGET = 14.3;
				LD_RUNPATH_SEARCH_PATHS = (
					"$(inherited)",
					"@executable_path/Frameworks",
				);
				MARKETING_VERSION = 1.0;
				PRODUCT_BUNDLE_IDENTIFIER = "com.eyezon.dev.EyezonSDK-Test";
				PRODUCT_NAME = "$(TARGET_NAME)";
				SWIFT_VERSION = 5.0;
				TARGETED_DEVICE_FAMILY = "1,2";
			};
			name = Release;
		};
/* End XCBuildConfiguration section */

/* Begin XCConfigurationList section */
		8439D83326CC51230042B201 /* Build configuration list for PBXProject "EyezonSDK-Test" */ = {
			isa = XCConfigurationList;
			buildConfigurations = (
				8439D84A26CC51250042B201 /* Debug */,
				8439D84B26CC51250042B201 /* Release */,
			);
			defaultConfigurationIsVisible = 0;
			defaultConfigurationName = Release;
		};
		8439D84C26CC51250042B201 /* Build configuration list for PBXNativeTarget "EyezonSDK-Test" */ = {
			isa = XCConfigurationList;
			buildConfigurations = (
				8439D84D26CC51250042B201 /* Debug */,
				8439D84E26CC51250042B201 /* Release */,
			);
			defaultConfigurationIsVisible = 0;
			defaultConfigurationName = Release;
		};
/* End XCConfigurationList section */
	};
	rootObject = 8439D83026CC51230042B201 /* Project object */;
}
